
Microsoft Visual Studio Solution File, Format Version 12.00
# Visual Studio Version 17
VisualStudioVersion = 17.2.32526.322
MinimumVisualStudioVersion = 10.0.40219.1
Project("{FAE04EC0-301F-11D3-BF4B-00C04F79EFBC}") = "PruebaAPI", "PruebaAPI.csproj", "{0907D778-DE12-4CCA-998A-9FB72E65FA7E}"
EndProject
Global
	GlobalSection(SolutionConfigurationPlatforms) = preSolution
		Debug|Any CPU = Debug|Any CPU
		Release|Any CPU = Release|Any CPU
	EndGlobalSection
	GlobalSection(ProjectConfigurationPlatforms) = postSolution
		{0907D778-DE12-4CCA-998A-9FB72E65FA7E}.Debug|Any CPU.ActiveCfg = Debug|Any CPU
		{0907D778-DE12-4CCA-998A-9FB72E65FA7E}.Debug|Any CPU.Build.0 = Debug|Any CPU
		{0907D778-DE12-4CCA-998A-9FB72E65FA7E}.Release|Any CPU.ActiveCfg = Release|Any CPU
		{0907D778-DE12-4CCA-998A-9FB72E65FA7E}.Release|Any CPU.Build.0 = Release|Any CPU
	EndGlobalSection
	GlobalSection(SolutionProperties) = preSolution
		HideSolutionNode = FALSE
	EndGlobalSection
	GlobalSection(ExtensibilityGlobals) = postSolution
		SolutionGuid = {C3D58DD5-164C-43BD-999E-4A27E416B6A5}
	EndGlobalSection
EndGlobal
